
Microsoft Visual Studio Solution File, Format Version 12.00
# Visual Studio Version 16
VisualStudioVersion = 16.0.32602.291
MinimumVisualStudioVersion = 10.0.40219.1
Project("{FAE04EC0-301F-11D3-BF4B-00C04F79EFBC}") = "IsolinesWindowsForms", "IsolinesWindowsForms\IsolinesWindowsForms.csproj", "{4E1055AC-03DF-4D5F-ADF5-6736AFB582CB}"
EndProject
Global
	GlobalSection(SolutionConfigurationPlatforms) = preSolution
		Debug|Any CPU = Debug|Any CPU
		Release|Any CPU = Release|Any CPU
	EndGlobalSection
	GlobalSection(ProjectConfigurationPlatforms) = postSolution
		{4E1055AC-03DF-4D5F-ADF5-6736AFB582CB}.Debug|Any CPU.ActiveCfg = Debug|Any CPU
		{4E1055AC-03DF-4D5F-ADF5-6736AFB582CB}.Debug|Any CPU.Build.0 = Debug|Any CPU
		{4E1055AC-03DF-4D5F-ADF5-6736AFB582CB}.Release|Any CPU.ActiveCfg = Release|Any CPU
		{4E1055AC-03DF-4D5F-ADF5-6736AFB582CB}.Release|Any CPU.Build.0 = Release|Any CPU
	EndGlobalSection
	GlobalSection(SolutionProperties) = preSolution
		HideSolutionNode = FALSE
	EndGlobalSection
	GlobalSection(ExtensibilityGlobals) = postSolution
		SolutionGuid = {DA1D48AD-8CA3-4328-AA01-8EAE78115B1D}
	EndGlobalSection
EndGlobal
